{
  "requires": true,
  "lockfileVersion": 1,
  "dependencies": {
    "@ionic-native/camera": {
      "version": "5.15.0",
      "resolved": "https://registry.npmjs.org/@ionic-native/camera/-/camera-5.15.0.tgz",
      "integrity": "sha512-IjWg8rY2cKpgr7EmAG1pUPk5xWYm4Qiq5VHDBpbIDJd6+62w+Wyq/O3pscyS5guPahNVhGq1LeK/B6V/b+uiyA==",
      "requires": {
        "@types/cordova": "^0.0.34"
      }
    },
    "@types/cordova": {
      "version": "0.0.34",
      "resolved": "https://registry.npmjs.org/@types/cordova/-/cordova-0.0.34.tgz",
      "integrity": "sha1-6nrd907Ow9dimCegw54smt3HPQQ="
    }
  }
}
